
Microsoft Visual Studio Solution File, Format Version 12.00
# Visual Studio Version 17
VisualStudioVersion = 17.0.31903.59
MinimumVisualStudioVersion = 10.0.40219.1
Project("{FAE04EC0-301F-11D3-BF4B-00C04F79EFBC}") = "LedgerApp.Domain", "LedgerApp.Domain\LedgerApp.Domain.csproj", "{6EB49ACD-E626-43CD-AD7D-5F11151C8969}"
EndProject
Project("{FAE04EC0-301F-11D3-BF4B-00C04F79EFBC}") = "LedgerApp.Data", "LedgerApp.Data\LedgerApp.Data.csproj", "{C86D2A0C-FF99-4B40-863E-888D00804948}"
EndProject
Project("{FAE04EC0-301F-11D3-BF4B-00C04F79EFBC}") = "LedgerApp.Console", "LedgerApp.Console\LedgerApp.Console.csproj", "{062421AC-9E55-4FF8-BD2E-749878044393}"
EndProject
Global
	GlobalSection(SolutionConfigurationPlatforms) = preSolution
		Debug|Any CPU = Debug|Any CPU
		Release|Any CPU = Release|Any CPU
	EndGlobalSection
	GlobalSection(SolutionProperties) = preSolution
		HideSolutionNode = FALSE
	EndGlobalSection
	GlobalSection(ProjectConfigurationPlatforms) = postSolution
		{6EB49ACD-E626-43CD-AD7D-5F11151C8969}.Debug|Any CPU.ActiveCfg = Debug|Any CPU
		{6EB49ACD-E626-43CD-AD7D-5F11151C8969}.Debug|Any CPU.Build.0 = Debug|Any CPU
		{6EB49ACD-E626-43CD-AD7D-5F11151C8969}.Release|Any CPU.ActiveCfg = Release|Any CPU
		{6EB49ACD-E626-43CD-AD7D-5F11151C8969}.Release|Any CPU.Build.0 = Release|Any CPU
		{C86D2A0C-FF99-4B40-863E-888D00804948}.Debug|Any CPU.ActiveCfg = Debug|Any CPU
		{C86D2A0C-FF99-4B40-863E-888D00804948}.Debug|Any CPU.Build.0 = Debug|Any CPU
		{C86D2A0C-FF99-4B40-863E-888D00804948}.Release|Any CPU.ActiveCfg = Release|Any CPU
		{C86D2A0C-FF99-4B40-863E-888D00804948}.Release|Any CPU.Build.0 = Release|Any CPU
		{062421AC-9E55-4FF8-BD2E-749878044393}.Debug|Any CPU.ActiveCfg = Debug|Any CPU
		{062421AC-9E55-4FF8-BD2E-749878044393}.Debug|Any CPU.Build.0 = Debug|Any CPU
		{062421AC-9E55-4FF8-BD2E-749878044393}.Release|Any CPU.ActiveCfg = Release|Any CPU
		{062421AC-9E55-4FF8-BD2E-749878044393}.Release|Any CPU.Build.0 = Release|Any CPU
	EndGlobalSection
EndGlobal
